
Microsoft Visual Studio Solution File, Format Version 12.00
# Visual Studio Version 17
VisualStudioVersion = 17.5.33424.131
MinimumVisualStudioVersion = 10.0.40219.1
Project("{FAE04EC0-301F-11D3-BF4B-00C04F79EFBC}") = "NLayer.Core", "NLayer.Core\NLayer.Core.csproj", "{C2F632B0-6FE2-4D83-98EC-0B0F42B6E46B}"
EndProject
Project("{FAE04EC0-301F-11D3-BF4B-00C04F79EFBC}") = "NLayer.Repository", "NLayer.Repository\NLayer.Repository.csproj", "{07933E48-59C6-4B4E-832F-81519E9D36D0}"
EndProject
Project("{FAE04EC0-301F-11D3-BF4B-00C04F79EFBC}") = "NLayer.Service", "NLayer.Service\NLayer.Service.csproj", "{910DA760-1235-4485-A15B-DA3F8498C570}"
EndProject
Project("{FAE04EC0-301F-11D3-BF4B-00C04F79EFBC}") = "NLayer.API", "NLayer.API\NLayer.API.csproj", "{208A1843-D752-4AE0-BAD2-790613BB4E3F}"
EndProject
Project("{FAE04EC0-301F-11D3-BF4B-00C04F79EFBC}") = "NLayer.Caching", "NLayer.Caching\NLayer.Caching.csproj", "{69AABA4D-E974-4489-8AC7-1750C2DDC60E}"
EndProject
Global
	GlobalSection(SolutionConfigurationPlatforms) = preSolution
		Debug|Any CPU = Debug|Any CPU
		Release|Any CPU = Release|Any CPU
	EndGlobalSection
	GlobalSection(ProjectConfigurationPlatforms) = postSolution
		{C2F632B0-6FE2-4D83-98EC-0B0F42B6E46B}.Debug|Any CPU.ActiveCfg = Debug|Any CPU
		{C2F632B0-6FE2-4D83-98EC-0B0F42B6E46B}.Debug|Any CPU.Build.0 = Debug|Any CPU
		{C2F632B0-6FE2-4D83-98EC-0B0F42B6E46B}.Release|Any CPU.ActiveCfg = Release|Any CPU
		{C2F632B0-6FE2-4D83-98EC-0B0F42B6E46B}.Release|Any CPU.Build.0 = Release|Any CPU
		{07933E48-59C6-4B4E-832F-81519E9D36D0}.Debug|Any CPU.ActiveCfg = Debug|Any CPU
		{07933E48-59C6-4B4E-832F-81519E9D36D0}.Debug|Any CPU.Build.0 = Debug|Any CPU
		{07933E48-59C6-4B4E-832F-81519E9D36D0}.Release|Any CPU.ActiveCfg = Release|Any CPU
		{07933E48-59C6-4B4E-832F-81519E9D36D0}.Release|Any CPU.Build.0 = Release|Any CPU
		{910DA760-1235-4485-A15B-DA3F8498C570}.Debug|Any CPU.ActiveCfg = Debug|Any CPU
		{910DA760-1235-4485-A15B-DA3F8498C570}.Debug|Any CPU.Build.0 = Debug|Any CPU
		{910DA760-1235-4485-A15B-DA3F8498C570}.Release|Any CPU.ActiveCfg = Release|Any CPU
		{910DA760-1235-4485-A15B-DA3F8498C570}.Release|Any CPU.Build.0 = Release|Any CPU
		{208A1843-D752-4AE0-BAD2-790613BB4E3F}.Debug|Any CPU.ActiveCfg = Debug|Any CPU
		{208A1843-D752-4AE0-BAD2-790613BB4E3F}.Debug|Any CPU.Build.0 = Debug|Any CPU
		{208A1843-D752-4AE0-BAD2-790613BB4E3F}.Release|Any CPU.ActiveCfg = Release|Any CPU
		{208A1843-D752-4AE0-BAD2-790613BB4E3F}.Release|Any CPU.Build.0 = Release|Any CPU
		{69AABA4D-E974-4489-8AC7-1750C2DDC60E}.Debug|Any CPU.ActiveCfg = Debug|Any CPU
		{69AABA4D-E974-4489-8AC7-1750C2DDC60E}.Debug|Any CPU.Build.0 = Debug|Any CPU
		{69AABA4D-E974-4489-8AC7-1750C2DDC60E}.Release|Any CPU.ActiveCfg = Release|Any CPU
		{69AABA4D-E974-4489-8AC7-1750C2DDC60E}.Release|Any CPU.Build.0 = Release|Any CPU
	EndGlobalSection
	GlobalSection(SolutionProperties) = preSolution
		HideSolutionNode = FALSE
	EndGlobalSection
	GlobalSection(ExtensibilityGlobals) = postSolution
		SolutionGuid = {C2E5E062-15C9-4539-9F4D-31A48A7E9F4C}
	EndGlobalSection
EndGlobal
